
Microsoft Visual Studio Solution File, Format Version 12.00
# Visual Studio Version 16
VisualStudioVersion = 16.0.30503.244
MinimumVisualStudioVersion = 10.0.40219.1
Project("{9A19103F-16F7-4668-BE54-9A1E7A4F7556}") = "Intelsoft.Niis.Ibd.Entities", "src\Intelsoft.Niis.Ibd.Entities\Intelsoft.Niis.Ibd.Entities.csproj", "{A316BE56-BCF8-40A7-BCFB-45241741D972}"
EndProject
Project("{9A19103F-16F7-4668-BE54-9A1E7A4F7556}") = "Intelsoft.Niis.Ibd.Data.Interfaces", "src\Intelsoft.Niis.Ibd.Data.Interfaces\Intelsoft.Niis.Ibd.Data.Interfaces.csproj", "{CEF730D7-DAB7-41C6-857D-656613AF6B94}"
EndProject
Project("{9A19103F-16F7-4668-BE54-9A1E7A4F7556}") = "Intelsoft.Niis.Ibd.Data", "src\Intelsoft.Niis.Ibd.Data\Intelsoft.Niis.Ibd.Data.csproj", "{9D4B4514-968B-4F8A-83C8-DD964903EBFB}"
EndProject
Project("{9A19103F-16F7-4668-BE54-9A1E7A4F7556}") = "Intelsoft.Niis.Ibd.Data.Autofac", "src\Intelsoft.Niis.Ibd.Data.Autofac\Intelsoft.Niis.Ibd.Data.Autofac.csproj", "{8F8F8AD5-1211-4D63-978B-E0DF8D0B3388}"
EndProject
Project("{2150E333-8FDC-42A3-9474-1A3956D46DE8}") = "DataModule", "DataModule", "{D8AFD805-B98E-4EFD-A733-FD36B15204BB}"
EndProject
Project("{2150E333-8FDC-42A3-9474-1A3956D46DE8}") = "Tests", "Tests", "{4E5F6A76-596F-4E2A-BF1D-10E90029FF87}"
EndProject
Project("{9A19103F-16F7-4668-BE54-9A1E7A4F7556}") = "Intelsoft.Niis.Ibd.Data.Tests", "tests\Intelsoft.Niis.Ibd.Data.Tests\Intelsoft.Niis.Ibd.Data.Tests.csproj", "{984B1FF4-E5B6-439A-9ED1-B108E12216FB}"
EndProject
Project("{FAE04EC0-301F-11D3-BF4B-00C04F79EFBC}") = "Intelsoft.Niis.Ibd.Configuration", "src\Intelsoft.Niis.Ibd.Configuration\Intelsoft.Niis.Ibd.Configuration.csproj", "{FB2C0826-908E-4DA5-94D1-9C4D2D247724}"
EndProject
Project("{FAE04EC0-301F-11D3-BF4B-00C04F79EFBC}") = "Intelsoft.Niis.Ibd.Configuration.Tests", "tests\Intelsoft.Niis.Ibd.Configuration.Tests\Intelsoft.Niis.Ibd.Configuration.Tests.csproj", "{19B5CECA-AD10-45B2-8587-E2C2D5F7F3EE}"
EndProject
Global
	GlobalSection(SolutionConfigurationPlatforms) = preSolution
		Debug|Any CPU = Debug|Any CPU
		Release|Any CPU = Release|Any CPU
	EndGlobalSection
	GlobalSection(ProjectConfigurationPlatforms) = postSolution
		{A316BE56-BCF8-40A7-BCFB-45241741D972}.Debug|Any CPU.ActiveCfg = Debug|Any CPU
		{A316BE56-BCF8-40A7-BCFB-45241741D972}.Debug|Any CPU.Build.0 = Debug|Any CPU
		{A316BE56-BCF8-40A7-BCFB-45241741D972}.Release|Any CPU.ActiveCfg = Release|Any CPU
		{A316BE56-BCF8-40A7-BCFB-45241741D972}.Release|Any CPU.Build.0 = Release|Any CPU
		{CEF730D7-DAB7-41C6-857D-656613AF6B94}.Debug|Any CPU.ActiveCfg = Debug|Any CPU
		{CEF730D7-DAB7-41C6-857D-656613AF6B94}.Debug|Any CPU.Build.0 = Debug|Any CPU
		{CEF730D7-DAB7-41C6-857D-656613AF6B94}.Release|Any CPU.ActiveCfg = Release|Any CPU
		{CEF730D7-DAB7-41C6-857D-656613AF6B94}.Release|Any CPU.Build.0 = Release|Any CPU
		{9D4B4514-968B-4F8A-83C8-DD964903EBFB}.Debug|Any CPU.ActiveCfg = Debug|Any CPU
		{9D4B4514-968B-4F8A-83C8-DD964903EBFB}.Debug|Any CPU.Build.0 = Debug|Any CPU
		{9D4B4514-968B-4F8A-83C8-DD964903EBFB}.Release|Any CPU.ActiveCfg = Release|Any CPU
		{9D4B4514-968B-4F8A-83C8-DD964903EBFB}.Release|Any CPU.Build.0 = Release|Any CPU
		{8F8F8AD5-1211-4D63-978B-E0DF8D0B3388}.Debug|Any CPU.ActiveCfg = Debug|Any CPU
		{8F8F8AD5-1211-4D63-978B-E0DF8D0B3388}.Debug|Any CPU.Build.0 = Debug|Any CPU
		{8F8F8AD5-1211-4D63-978B-E0DF8D0B3388}.Release|Any CPU.ActiveCfg = Release|Any CPU
		{8F8F8AD5-1211-4D63-978B-E0DF8D0B3388}.Release|Any CPU.Build.0 = Release|Any CPU
		{984B1FF4-E5B6-439A-9ED1-B108E12216FB}.Debug|Any CPU.ActiveCfg = Debug|Any CPU
		{984B1FF4-E5B6-439A-9ED1-B108E12216FB}.Debug|Any CPU.Build.0 = Debug|Any CPU
		{984B1FF4-E5B6-439A-9ED1-B108E12216FB}.Release|Any CPU.ActiveCfg = Release|Any CPU
		{984B1FF4-E5B6-439A-9ED1-B108E12216FB}.Release|Any CPU.Build.0 = Release|Any CPU
		{FB2C0826-908E-4DA5-94D1-9C4D2D247724}.Debug|Any CPU.ActiveCfg = Debug|Any CPU
		{FB2C0826-908E-4DA5-94D1-9C4D2D247724}.Debug|Any CPU.Build.0 = Debug|Any CPU
		{FB2C0826-908E-4DA5-94D1-9C4D2D247724}.Release|Any CPU.ActiveCfg = Release|Any CPU
		{FB2C0826-908E-4DA5-94D1-9C4D2D247724}.Release|Any CPU.Build.0 = Release|Any CPU
		{19B5CECA-AD10-45B2-8587-E2C2D5F7F3EE}.Debug|Any CPU.ActiveCfg = Debug|Any CPU
		{19B5CECA-AD10-45B2-8587-E2C2D5F7F3EE}.Debug|Any CPU.Build.0 = Debug|Any CPU
		{19B5CECA-AD10-45B2-8587-E2C2D5F7F3EE}.Release|Any CPU.ActiveCfg = Release|Any CPU
		{19B5CECA-AD10-45B2-8587-E2C2D5F7F3EE}.Release|Any CPU.Build.0 = Release|Any CPU
	EndGlobalSection
	GlobalSection(SolutionProperties) = preSolution
		HideSolutionNode = FALSE
	EndGlobalSection
	GlobalSection(NestedProjects) = preSolution
		{A316BE56-BCF8-40A7-BCFB-45241741D972} = {D8AFD805-B98E-4EFD-A733-FD36B15204BB}
		{CEF730D7-DAB7-41C6-857D-656613AF6B94} = {D8AFD805-B98E-4EFD-A733-FD36B15204BB}
		{9D4B4514-968B-4F8A-83C8-DD964903EBFB} = {D8AFD805-B98E-4EFD-A733-FD36B15204BB}
		{8F8F8AD5-1211-4D63-978B-E0DF8D0B3388} = {D8AFD805-B98E-4EFD-A733-FD36B15204BB}
		{984B1FF4-E5B6-439A-9ED1-B108E12216FB} = {4E5F6A76-596F-4E2A-BF1D-10E90029FF87}
		{19B5CECA-AD10-45B2-8587-E2C2D5F7F3EE} = {4E5F6A76-596F-4E2A-BF1D-10E90029FF87}
	EndGlobalSection
	GlobalSection(ExtensibilityGlobals) = postSolution
		SolutionGuid = {A081338C-ED29-41A4-8124-B361FFFDFC4C}
	EndGlobalSection
EndGlobal
